
Microsoft Visual Studio Solution File, Format Version 12.00
# Visual Studio Version 17
VisualStudioVersion = 17.0.31710.8
MinimumVisualStudioVersion = 10.0.40219.1
Project("{8BC9CEB8-8B4A-11D0-8D11-00A0C91BC942}") = "Sandbox", "Sandbox\Sandbox.vcxproj", "{10D200D1-0828-4CC5-9023-F34AE740115F}"
EndProject
Project("{8BC9CEB8-8B4A-11D0-8D11-00A0C91BC942}") = "Quark", "Quark\Quark.vcxproj", "{591B76B0-5056-4449-B92F-1C55FD7A01C1}"
EndProject
Global
	GlobalSection(SolutionConfigurationPlatforms) = preSolution
		Debug|x64 = Debug|x64
		Release|x64 = Release|x64
	EndGlobalSection
	GlobalSection(ProjectConfigurationPlatforms) = postSolution
		{591B76B0-5056-4449-B92F-1C55FD7A01C1}.Debug|x64.ActiveCfg = Debug|x64
		{591B76B0-5056-4449-B92F-1C55FD7A01C1}.Debug|x64.Build.0 = Debug|x64
		{591B76B0-5056-4449-B92F-1C55FD7A01C1}.Release|x64.ActiveCfg = Release|x64
		{591B76B0-5056-4449-B92F-1C55FD7A01C1}.Release|x64.Build.0 = Release|x64
		{10D200D1-0828-4CC5-9023-F34AE740115F}.Debug|x64.ActiveCfg = Debug|x64
		{10D200D1-0828-4CC5-9023-F34AE740115F}.Debug|x64.Build.0 = Debug|x64
		{10D200D1-0828-4CC5-9023-F34AE740115F}.Release|x64.ActiveCfg = Release|x64
		{10D200D1-0828-4CC5-9023-F34AE740115F}.Release|x64.Build.0 = Release|x64
	EndGlobalSection
	GlobalSection(SolutionProperties) = preSolution
		HideSolutionNode = FALSE
	EndGlobalSection
	GlobalSection(ExtensibilityGlobals) = postSolution
		SolutionGuid = {798A31FB-2220-45AA-B09F-2AE37B3DCFAA}
	EndGlobalSection
EndGlobal
